
Microsoft Visual Studio Solution File, Format Version 12.00
# Visual Studio Version 17
VisualStudioVersion = 17.0.31903.59
MinimumVisualStudioVersion = 10.0.40219.1
Project("{2150E333-8FDC-42A3-9474-1A3956D46DE8}") = "KindWordsApp", "KindWordsApp", "{5993209E-9215-4853-8E22-9E4D701B1C1E}"
EndProject
Project("{FAE04EC0-301F-11D3-BF4B-00C04F79EFBC}") = "KindWords", "KindWordsApp\KindWords\KindWords.csproj", "{17C24E1D-5B08-4413-B958-41BED75E73D2}"
EndProject
Project("{2150E333-8FDC-42A3-9474-1A3956D46DE8}") = "KindWordsApi", "KindWordsApi", "{73A4E387-2B6E-4F47-9A84-486EB9B53E7B}"
EndProject
Project("{FAE04EC0-301F-11D3-BF4B-00C04F79EFBC}") = "KindWordsApi", "KindWordsApi\KindWordsApi\KindWordsApi.csproj", "{7DA2292F-7A39-4CF3-923A-7A5CB4A319EE}"
EndProject
Global
	GlobalSection(SolutionConfigurationPlatforms) = preSolution
		Debug|Any CPU = Debug|Any CPU
		Release|Any CPU = Release|Any CPU
	EndGlobalSection
	GlobalSection(ProjectConfigurationPlatforms) = postSolution
		{17C24E1D-5B08-4413-B958-41BED75E73D2}.Debug|Any CPU.ActiveCfg = Debug|Any CPU
		{17C24E1D-5B08-4413-B958-41BED75E73D2}.Debug|Any CPU.Build.0 = Debug|Any CPU
		{17C24E1D-5B08-4413-B958-41BED75E73D2}.Debug|Any CPU.Deploy.0 = Debug|Any CPU
		{17C24E1D-5B08-4413-B958-41BED75E73D2}.Release|Any CPU.ActiveCfg = Release|Any CPU
		{17C24E1D-5B08-4413-B958-41BED75E73D2}.Release|Any CPU.Build.0 = Release|Any CPU
		{7DA2292F-7A39-4CF3-923A-7A5CB4A319EE}.Debug|Any CPU.ActiveCfg = Debug|Any CPU
		{7DA2292F-7A39-4CF3-923A-7A5CB4A319EE}.Debug|Any CPU.Build.0 = Debug|Any CPU
		{7DA2292F-7A39-4CF3-923A-7A5CB4A319EE}.Release|Any CPU.ActiveCfg = Release|Any CPU
		{7DA2292F-7A39-4CF3-923A-7A5CB4A319EE}.Release|Any CPU.Build.0 = Release|Any CPU
	EndGlobalSection
	GlobalSection(ProjectDependencies) = postSolution
		{17C24E1D-5B08-4413-B958-41BED75E73D2}.0 = {7DA2292F-7A39-4CF3-923A-7A5CB4A319EE}
	EndGlobalSection
	GlobalSection(SolutionProperties) = preSolution
		HideSolutionNode = FALSE
	EndGlobalSection
	GlobalSection(NestedProjects) = preSolution
		{17C24E1D-5B08-4413-B958-41BED75E73D2} = {5993209E-9215-4853-8E22-9E4D701B1C1E}
		{7DA2292F-7A39-4CF3-923A-7A5CB4A319EE} = {73A4E387-2B6E-4F47-9A84-486EB9B53E7B}
	EndGlobalSection
EndGlobal
